{
  "nodes": {
    "advisory-db": {
      "flake": false,
      "locked": {
        "lastModified": 1679519214,
        "narHash": "sha256-4pof43cuGyPs2wmWDw0vMgG6IKiVg0qGa8DQj7C+nmQ=",
        "owner": "rustsec",
        "repo": "advisory-db",
        "rev": "64bba30087222e08c15b05bcecb8743ad1436a67",
        "type": "github"
      },
      "original": {
        "owner": "rustsec",
        "repo": "advisory-db",
        "type": "github"
      }
    },
    "crane": {
      "inputs": {
        "flake-compat": "flake-compat",
        "flake-utils": "flake-utils",
        "nixpkgs": [
          "nixpkgs"
        ],
        "rust-overlay": "rust-overlay"
      },
      "locked": {
        "lastModified": 1679461034,
        "narHash": "sha256-pX4jF5hfEfBGlKw2yDJj9FjvVxmMdGgqKe1I+Vbail8=",
        "owner": "ipetkov",
        "repo": "crane",
        "rev": "ec69da697357cfe7d9e8653b0cfbe73eaecca34b",
        "type": "github"
      },
      "original": {
        "owner": "ipetkov",
        "repo": "crane",
        "type": "github"
      }
    },
    "fenix": {
      "inputs": {
        "nixpkgs": [
          "nixpkgs"
        ],
        "rust-analyzer-src": []
      },
      "locked": {
        "lastModified": 1679466129,
        "narHash": "sha256-BQt0ADAhPAwuoq3z+iprmHyw1NeyerOw1GiIEJkANGc=",
        "owner": "nix-community",
        "repo": "fenix",
        "rev": "49237f7a76b98954306e77a7bd42f6491ad5c6a7",
        "type": "github"
      },
      "original": {
        "owner": "nix-community",
        "repo": "fenix",
        "type": "github"
      }
    },
    "flake-compat": {
      "flake": false,
      "locked": {
        "lastModified": 1673956053,
        "narHash": "sha256-4gtG9iQuiKITOjNQQeQIpoIB6b16fm+504Ch3sNKLd8=",
        "owner": "edolstra",
        "repo": "flake-compat",
        "rev": "35bb57c0c8d8b62bbfd284272c928ceb64ddbde9",
        "type": "github"
      },
      "original": {
        "owner": "edolstra",
        "repo": "flake-compat",
        "type": "github"
      }
    },
    "flake-utils": {
      "locked": {
        "lastModified": 1676283394,
        "narHash": "sha256-XX2f9c3iySLCw54rJ/CZs+ZK6IQy7GXNY4nSOyu2QG4=",
        "owner": "numtide",
        "repo": "flake-utils",
        "rev": "3db36a8b464d0c4532ba1c7dda728f4576d6d073",
        "type": "github"
      },
      "original": {
        "owner": "numtide",
        "repo": "flake-utils",
        "type": "github"
      }
    },
    "flake-utils_2": {
      "locked": {
        "lastModified": 1678901627,
        "narHash": "sha256-U02riOqrKKzwjsxc/400XnElV+UtPUQWpANPlyazjH0=",
        "owner": "numtide",
        "repo": "flake-utils",
        "rev": "93a2b84fc4b70d9e089d029deacc3583435c2ed6",
        "type": "github"
      },
      "original": {
        "owner": "numtide",
        "repo": "flake-utils",
        "type": "github"
      }
    },
    "nixpkgs": {
      "locked": {
        "lastModified": 1679410443,
        "narHash": "sha256-xDHO/jixWD+y5pmW5+2q4Z4O/I/nA4MAa30svnZKK+M=",
        "owner": "NixOS",
        "repo": "nixpkgs",
        "rev": "c9ece0059f42e0ab53ac870104ca4049df41b133",
        "type": "github"
      },
      "original": {
        "owner": "NixOS",
        "ref": "nixpkgs-unstable",
        "repo": "nixpkgs",
        "type": "github"
      }
    },
    "root": {
      "inputs": {
        "advisory-db": "advisory-db",
        "crane": "crane",
        "fenix": "fenix",
        "flake-utils": "flake-utils_2",
        "nixpkgs": "nixpkgs"
      }
    },
    "rust-overlay": {
      "inputs": {
        "flake-utils": [
          "crane",
          "flake-utils"
        ],
        "nixpkgs": [
          "crane",
          "nixpkgs"
        ]
      },
      "locked": {
        "lastModified": 1677812689,
        "narHash": "sha256-EakqhgRnjVeYJv5+BJx/NZ7/eFTMBxc4AhICUNquhUg=",
        "owner": "oxalica",
        "repo": "rust-overlay",
        "rev": "e53e8853aa7b0688bc270e9e6a681d22e01cf299",
        "type": "github"
      },
      "original": {
        "owner": "oxalica",
        "repo": "rust-overlay",
        "type": "github"
      }
    }
  },
  "root": "root",
  "version": 7
}
